// !$*UTF8*$!
{
	archiveVersion = 1;
	classes = {
	};
	objectVersion = 55;
	objects = {

/* Begin PBXBuildFile section */
		74676A8927C9D033008DF189 /* DocumentsApp.swift in Sources */ = {isa = PBXBuildFile; fileRef = 74676A8827C9D033008DF189 /* DocumentsApp.swift */; };
		74676A8B27C9D033008DF189 /* ContentView.swift in Sources */ = {isa = PBXBuildFile; fileRef = 74676A8A27C9D033008DF189 /* ContentView.swift */; };
		74676A8D27C9D035008DF189 /* Assets.xcassets in Resources */ = {isa = PBXBuildFile; fileRef = 74676A8C27C9D035008DF189 /* Assets.xcassets */; };
		74676A9027C9D035008DF189 /* Preview Assets.xcassets in Resources */ = {isa = PBXBuildFile; fileRef = 74676A8F27C9D035008DF189 /* Preview Assets.xcassets */; };
		74676A9227C9D035008DF189 /* Persistence.swift in Sources */ = {isa = PBXBuildFile; fileRef = 74676A9127C9D035008DF189 /* Persistence.swift */; };
		74676A9527C9D035008DF189 /* Documents.xcdatamodeld in Sources */ = {isa = PBXBuildFile; fileRef = 74676A9327C9D035008DF189 /* Documents.xcdatamodeld */; };
		74676A9F27C9D035008DF189 /* DocumentsTests.swift in Sources */ = {isa = PBXBuildFile; fileRef = 74676A9E27C9D035008DF189 /* DocumentsTests.swift */; };
		74676AA927C9D035008DF189 /* DocumentsUITests.swift in Sources */ = {isa = PBXBuildFile; fileRef = 74676AA827C9D035008DF189 /* DocumentsUITests.swift */; };
		74676AAB27C9D035008DF189 /* DocumentsUITestsLaunchTests.swift in Sources */ = {isa = PBXBuildFile; fileRef = 74676AAA27C9D035008DF189 /* DocumentsUITestsLaunchTests.swift */; };
		74676AB927C9D35C008DF189 /* SwiftLayout in Frameworks */ = {isa = PBXBuildFile; productRef = 74676AB827C9D35C008DF189 /* SwiftLayout */; };
		74676ABB27C9D479008DF189 /* DocumentContentView.swift in Sources */ = {isa = PBXBuildFile; fileRef = 74676ABA27C9D479008DF189 /* DocumentContentView.swift */; };
		74676ABD27C9D484008DF189 /* DocumentMemoView.swift in Sources */ = {isa = PBXBuildFile; fileRef = 74676ABC27C9D484008DF189 /* DocumentMemoView.swift */; };
/* End PBXBuildFile section */

/* Begin PBXContainerItemProxy section */
		74676A9B27C9D035008DF189 /* PBXContainerItemProxy */ = {
			isa = PBXContainerItemProxy;
			containerPortal = 74676A7D27C9D033008DF189 /* Project object */;
			proxyType = 1;
			remoteGlobalIDString = 74676A8427C9D033008DF189;
			remoteInfo = Documents;
		};
		74676AA527C9D035008DF189 /* PBXContainerItemProxy */ = {
			isa = PBXContainerItemProxy;
			containerPortal = 74676A7D27C9D033008DF189 /* Project object */;
			proxyType = 1;
			remoteGlobalIDString = 74676A8427C9D033008DF189;
			remoteInfo = Documents;
		};
/* End PBXContainerItemProxy section */

/* Begin PBXFileReference section */
		74676A8527C9D033008DF189 /* Documents.app */ = {isa = PBXFileReference; explicitFileType = wrapper.application; includeInIndex = 0; path = Documents.app; sourceTree = BUILT_PRODUCTS_DIR; };
		74676A8827C9D033008DF189 /* DocumentsApp.swift */ = {isa = PBXFileReference; lastKnownFileType = sourcecode.swift; path = DocumentsApp.swift; sourceTree = "<group>"; };
		74676A8A27C9D033008DF189 /* ContentView.swift */ = {isa = PBXFileReference; lastKnownFileType = sourcecode.swift; path = ContentView.swift; sourceTree = "<group>"; };
		74676A8C27C9D035008DF189 /* Assets.xcassets */ = {isa = PBXFileReference; lastKnownFileType = folder.assetcatalog; path = Assets.xcassets; sourceTree = "<group>"; };
		74676A8F27C9D035008DF189 /* Preview Assets.xcassets */ = {isa = PBXFileReference; lastKnownFileType = folder.assetcatalog; path = "Preview Assets.xcassets"; sourceTree = "<group>"; };
		74676A9127C9D035008DF189 /* Persistence.swift */ = {isa = PBXFileReference; lastKnownFileType = sourcecode.swift; path = Persistence.swift; sourceTree = "<group>"; };
		74676A9427C9D035008DF189 /* Documents.xcdatamodel */ = {isa = PBXFileReference; lastKnownFileType = wrapper.xcdatamodel; path = Documents.xcdatamodel; sourceTree = "<group>"; };
		74676A9A27C9D035008DF189 /* DocumentsTests.xctest */ = {isa = PBXFileReference; explicitFileType = wrapper.cfbundle; includeInIndex = 0; path = DocumentsTests.xctest; sourceTree = BUILT_PRODUCTS_DIR; };
		74676A9E27C9D035008DF189 /* DocumentsTests.swift */ = {isa = PBXFileReference; lastKnownFileType = sourcecode.swift; path = DocumentsTests.swift; sourceTree = "<group>"; };
		74676AA427C9D035008DF189 /* DocumentsUITests.xctest */ = {isa = PBXFileReference; explicitFileType = wrapper.cfbundle; includeInIndex = 0; path = DocumentsUITests.xctest; sourceTree = BUILT_PRODUCTS_DIR; };
		74676AA827C9D035008DF189 /* DocumentsUITests.swift */ = {isa = PBXFileReference; lastKnownFileType = sourcecode.swift; path = DocumentsUITests.swift; sourceTree = "<group>"; };
		74676AAA27C9D035008DF189 /* DocumentsUITestsLaunchTests.swift */ = {isa = PBXFileReference; lastKnownFileType = sourcecode.swift; path = DocumentsUITestsLaunchTests.swift; sourceTree = "<group>"; };
		74676ABA27C9D479008DF189 /* DocumentContentView.swift */ = {isa = PBXFileReference; lastKnownFileType = sourcecode.swift; path = DocumentContentView.swift; sourceTree = "<group>"; };
		74676ABC27C9D484008DF189 /* DocumentMemoView.swift */ = {isa = PBXFileReference; lastKnownFileType = sourcecode.swift; path = DocumentMemoView.swift; sourceTree = "<group>"; };
/* End PBXFileReference section */

/* Begin PBXFrameworksBuildPhase section */
		74676A8227C9D033008DF189 /* Frameworks */ = {
			isa = PBXFrameworksBuildPhase;
			buildActionMask = 2147483647;
			files = (
				74676AB927C9D35C008DF189 /* SwiftLayout in Frameworks */,
			);
			runOnlyForDeploymentPostprocessing = 0;
		};
		74676A9727C9D035008DF189 /* Frameworks */ = {
			isa = PBXFrameworksBuildPhase;
			buildActionMask = 2147483647;
			files = (
			);
			runOnlyForDeploymentPostprocessing = 0;
		};
		74676AA127C9D035008DF189 /* Frameworks */ = {
			isa = PBXFrameworksBuildPhase;
			buildActionMask = 2147483647;
			files = (
			);
			runOnlyForDeploymentPostprocessing = 0;
		};
/* End PBXFrameworksBuildPhase section */

/* Begin PBXGroup section */
		74676A7C27C9D033008DF189 = {
			isa = PBXGroup;
			children = (
				74676A8727C9D033008DF189 /* Documents */,
				74676A9D27C9D035008DF189 /* DocumentsTests */,
				74676AA727C9D035008DF189 /* DocumentsUITests */,
				74676A8627C9D033008DF189 /* Products */,
			);
			sourceTree = "<group>";
		};
		74676A8627C9D033008DF189 /* Products */ = {
			isa = PBXGroup;
			children = (
				74676A8527C9D033008DF189 /* Documents.app */,
				74676A9A27C9D035008DF189 /* DocumentsTests.xctest */,
				74676AA427C9D035008DF189 /* DocumentsUITests.xctest */,
			);
			name = Products;
			sourceTree = "<group>";
		};
		74676A8727C9D033008DF189 /* Documents */ = {
			isa = PBXGroup;
			children = (
				74676A8827C9D033008DF189 /* DocumentsApp.swift */,
				74676A8A27C9D033008DF189 /* ContentView.swift */,
				74676ABA27C9D479008DF189 /* DocumentContentView.swift */,
				74676ABC27C9D484008DF189 /* DocumentMemoView.swift */,
				74676A8C27C9D035008DF189 /* Assets.xcassets */,
				74676A9127C9D035008DF189 /* Persistence.swift */,
				74676A9327C9D035008DF189 /* Documents.xcdatamodeld */,
				74676A8E27C9D035008DF189 /* Preview Content */,
			);
			path = Documents;
			sourceTree = "<group>";
		};
		74676A8E27C9D035008DF189 /* Preview Content */ = {
			isa = PBXGroup;
			children = (
				74676A8F27C9D035008DF189 /* Preview Assets.xcassets */,
			);
			path = "Preview Content";
			sourceTree = "<group>";
		};
		74676A9D27C9D035008DF189 /* DocumentsTests */ = {
			isa = PBXGroup;
			children = (
				74676A9E27C9D035008DF189 /* DocumentsTests.swift */,
			);
			path = DocumentsTests;
			sourceTree = "<group>";
		};
		74676AA727C9D035008DF189 /* DocumentsUITests */ = {
			isa = PBXGroup;
			children = (
				74676AA827C9D035008DF189 /* DocumentsUITests.swift */,
				74676AAA27C9D035008DF189 /* DocumentsUITestsLaunchTests.swift */,
			);
			path = DocumentsUITests;
			sourceTree = "<group>";
		};
/* End PBXGroup section */

/* Begin PBXNativeTarget section */
		74676A8427C9D033008DF189 /* Documents */ = {
			isa = PBXNativeTarget;
			buildConfigurationList = 74676AAE27C9D035008DF189 /* Build configuration list for PBXNativeTarget "Documents" */;
			buildPhases = (
				74676A8127C9D033008DF189 /* Sources */,
				74676A8227C9D033008DF189 /* Frameworks */,
				74676A8327C9D033008DF189 /* Resources */,
			);
			buildRules = (
			);
			dependencies = (
			);
			name = Documents;
			packageProductDependencies = (
				74676AB827C9D35C008DF189 /* SwiftLayout */,
			);
			productName = Documents;
			productReference = 74676A8527C9D033008DF189 /* Documents.app */;
			productType = "com.apple.product-type.application";
		};
		74676A9927C9D035008DF189 /* DocumentsTests */ = {
			isa = PBXNativeTarget;
			buildConfigurationList = 74676AB127C9D035008DF189 /* Build configuration list for PBXNativeTarget "DocumentsTests" */;
			buildPhases = (
				74676A9627C9D035008DF189 /* Sources */,
				74676A9727C9D035008DF189 /* Frameworks */,
				74676A9827C9D035008DF189 /* Resources */,
			);
			buildRules = (
			);
			dependencies = (
				74676A9C27C9D035008DF189 /* PBXTargetDependency */,
			);
			name = DocumentsTests;
			productName = DocumentsTests;
			productReference = 74676A9A27C9D035008DF189 /* DocumentsTests.xctest */;
			productType = "com.apple.product-type.bundle.unit-test";
		};
		74676AA327C9D035008DF189 /* DocumentsUITests */ = {
			isa = PBXNativeTarget;
			buildConfigurationList = 74676AB427C9D035008DF189 /* Build configuration list for PBXNativeTarget "DocumentsUITests" */;
			buildPhases = (
				74676AA027C9D035008DF189 /* Sources */,
				74676AA127C9D035008DF189 /* Frameworks */,
				74676AA227C9D035008DF189 /* Resources */,
			);
			buildRules = (
			);
			dependencies = (
				74676AA627C9D035008DF189 /* PBXTargetDependency */,
			);
			name = DocumentsUITests;
			productName = DocumentsUITests;
			productReference = 74676AA427C9D035008DF189 /* DocumentsUITests.xctest */;
			productType = "com.apple.product-type.bundle.ui-testing";
		};
/* End PBXNativeTarget section */

/* Begin PBXProject section */
		74676A7D27C9D033008DF189 /* Project object */ = {
			isa = PBXProject;
			attributes = {
				BuildIndependentTargetsInParallel = 1;
				LastSwiftUpdateCheck = 1320;
				LastUpgradeCheck = 1320;
				TargetAttributes = {
					74676A8427C9D033008DF189 = {
						CreatedOnToolsVersion = 13.2.1;
					};
					74676A9927C9D035008DF189 = {
						CreatedOnToolsVersion = 13.2.1;
						TestTargetID = 74676A8427C9D033008DF189;
					};
					74676AA327C9D035008DF189 = {
						CreatedOnToolsVersion = 13.2.1;
						TestTargetID = 74676A8427C9D033008DF189;
					};
				};
			};
			buildConfigurationList = 74676A8027C9D033008DF189 /* Build configuration list for PBXProject "Documents" */;
			compatibilityVersion = "Xcode 13.0";
			developmentRegion = en;
			hasScannedForEncodings = 0;
			knownRegions = (
				en,
				Base,
			);
			mainGroup = 74676A7C27C9D033008DF189;
			packageReferences = (
				74676AB727C9D35C008DF189 /* XCRemoteSwiftPackageReference "SwiftLayout" */,
			);
			productRefGroup = 74676A8627C9D033008DF189 /* Products */;
			projectDirPath = "";
			projectRoot = "";
			targets = (
				74676A8427C9D033008DF189 /* Documents */,
				74676A9927C9D035008DF189 /* DocumentsTests */,
				74676AA327C9D035008DF189 /* DocumentsUITests */,
			);
		};
/* End PBXProject section */

/* Begin PBXResourcesBuildPhase section */
		74676A8327C9D033008DF189 /* Resources */ = {
			isa = PBXResourcesBuildPhase;
			buildActionMask = 2147483647;
			files = (
				74676A9027C9D035008DF189 /* Preview Assets.xcassets in Resources */,
				74676A8D27C9D035008DF189 /* Assets.xcassets in Resources */,
			);
			runOnlyForDeploymentPostprocessing = 0;
		};
		74676A9827C9D035008DF189 /* Resources */ = {
			isa = PBXResourcesBuildPhase;
			buildActionMask = 2147483647;
			files = (
			);
			runOnlyForDeploymentPostprocessing = 0;
		};
		74676AA227C9D035008DF189 /* Resources */ = {
			isa = PBXResourcesBuildPhase;
			buildActionMask = 2147483647;
			files = (
			);
			runOnlyForDeploymentPostprocessing = 0;
		};
/* End PBXResourcesBuildPhase section */

/* Begin PBXSourcesBuildPhase section */
		74676A8127C9D033008DF189 /* Sources */ = {
			isa = PBXSourcesBuildPhase;
			buildActionMask = 2147483647;
			files = (
				74676ABB27C9D479008DF189 /* DocumentContentView.swift in Sources */,
				74676A9527C9D035008DF189 /* Documents.xcdatamodeld in Sources */,
				74676A9227C9D035008DF189 /* Persistence.swift in Sources */,
				74676ABD27C9D484008DF189 /* DocumentMemoView.swift in Sources */,
				74676A8B27C9D033008DF189 /* ContentView.swift in Sources */,
				74676A8927C9D033008DF189 /* DocumentsApp.swift in Sources */,
			);
			runOnlyForDeploymentPostprocessing = 0;
		};
		74676A9627C9D035008DF189 /* Sources */ = {
			isa = PBXSourcesBuildPhase;
			buildActionMask = 2147483647;
			files = (
				74676A9F27C9D035008DF189 /* DocumentsTests.swift in Sources */,
			);
			runOnlyForDeploymentPostprocessing = 0;
		};
		74676AA027C9D035008DF189 /* Sources */ = {
			isa = PBXSourcesBuildPhase;
			buildActionMask = 2147483647;
			files = (
				74676AA927C9D035008DF189 /* DocumentsUITests.swift in Sources */,
				74676AAB27C9D035008DF189 /* DocumentsUITestsLaunchTests.swift in Sources */,
			);
			runOnlyForDeploymentPostprocessing = 0;
		};
/* End PBXSourcesBuildPhase section */

/* Begin PBXTargetDependency section */
		74676A9C27C9D035008DF189 /* PBXTargetDependency */ = {
			isa = PBXTargetDependency;
			target = 74676A8427C9D033008DF189 /* Documents */;
			targetProxy = 74676A9B27C9D035008DF189 /* PBXContainerItemProxy */;
		};
		74676AA627C9D035008DF189 /* PBXTargetDependency */ = {
			isa = PBXTargetDependency;
			target = 74676A8427C9D033008DF189 /* Documents */;
			targetProxy = 74676AA527C9D035008DF189 /* PBXContainerItemProxy */;
		};
/* End PBXTargetDependency section */

/* Begin XCBuildConfiguration section */
		74676AAC27C9D035008DF189 /* Debug */ = {
			isa = XCBuildConfiguration;
			buildSettings = {
				ALWAYS_SEARCH_USER_PATHS = NO;
				CLANG_ANALYZER_NONNULL = YES;
				CLANG_ANALYZER_NUMBER_OBJECT_CONVERSION = YES_AGGRESSIVE;
				CLANG_CXX_LANGUAGE_STANDARD = "gnu++17";
				CLANG_CXX_LIBRARY = "libc++";
				CLANG_ENABLE_MODULES = YES;
				CLANG_ENABLE_OBJC_ARC = YES;
				CLANG_ENABLE_OBJC_WEAK = YES;
				CLANG_WARN_BLOCK_CAPTURE_AUTORELEASING = YES;
				CLANG_WARN_BOOL_CONVERSION = YES;
				CLANG_WARN_COMMA = YES;
				CLANG_WARN_CONSTANT_CONVERSION = YES;
				CLANG_WARN_DEPRECATED_OBJC_IMPLEMENTATIONS = YES;
				CLANG_WARN_DIRECT_OBJC_ISA_USAGE = YES_ERROR;
				CLANG_WARN_DOCUMENTATION_COMMENTS = YES;
				CLANG_WARN_EMPTY_BODY = YES;
				CLANG_WARN_ENUM_CONVERSION = YES;
				CLANG_WARN_INFINITE_RECURSION = YES;
				CLANG_WARN_INT_CONVERSION = YES;
				CLANG_WARN_NON_LITERAL_NULL_CONVERSION = YES;
				CLANG_WARN_OBJC_IMPLICIT_RETAIN_SELF = YES;
				CLANG_WARN_OBJC_LITERAL_CONVERSION = YES;
				CLANG_WARN_OBJC_ROOT_CLASS = YES_ERROR;
				CLANG_WARN_QUOTED_INCLUDE_IN_FRAMEWORK_HEADER = YES;
				CLANG_WARN_RANGE_LOOP_ANALYSIS = YES;
				CLANG_WARN_STRICT_PROTOTYPES = YES;
				CLANG_WARN_SUSPICIOUS_MOVE = YES;
				CLANG_WARN_UNGUARDED_AVAILABILITY = YES_AGGRESSIVE;
				CLANG_WARN_UNREACHABLE_CODE = YES;
				CLANG_WARN__DUPLICATE_METHOD_MATCH = YES;
				COPY_PHASE_STRIP = NO;
				DEBUG_INFORMATION_FORMAT = dwarf;
				ENABLE_STRICT_OBJC_MSGSEND = YES;
				ENABLE_TESTABILITY = YES;
				GCC_C_LANGUAGE_STANDARD = gnu11;
				GCC_DYNAMIC_NO_PIC = NO;
				GCC_NO_COMMON_BLOCKS = YES;
				GCC_OPTIMIZATION_LEVEL = 0;
				GCC_PREPROCESSOR_DEFINITIONS = (
					"DEBUG=1",
					"$(inherited)",
				);
				GCC_WARN_64_TO_32_BIT_CONVERSION = YES;
				GCC_WARN_ABOUT_RETURN_TYPE = YES_ERROR;
				GCC_WARN_UNDECLARED_SELECTOR = YES;
				GCC_WARN_UNINITIALIZED_AUTOS = YES_AGGRESSIVE;
				GCC_WARN_UNUSED_FUNCTION = YES;
				GCC_WARN_UNUSED_VARIABLE = YES;
				IPHONEOS_DEPLOYMENT_TARGET = 15.2;
				MTL_ENABLE_DEBUG_INFO = INCLUDE_SOURCE;
				MTL_FAST_MATH = YES;
				ONLY_ACTIVE_ARCH = YES;
				SDKROOT = iphoneos;
				SWIFT_ACTIVE_COMPILATION_CONDITIONS = DEBUG;
				SWIFT_OPTIMIZATION_LEVEL = "-Onone";
			};
			name = Debug;
		};
		74676AAD27C9D035008DF189 /* Release */ = {
			isa = XCBuildConfiguration;
			buildSettings = {
				ALWAYS_SEARCH_USER_PATHS = NO;
				CLANG_ANALYZER_NONNULL = YES;
				CLANG_ANALYZER_NUMBER_OBJECT_CONVERSION = YES_AGGRESSIVE;
				CLANG_CXX_LANGUAGE_STANDARD = "gnu++17";
				CLANG_CXX_LIBRARY = "libc++";
				CLANG_ENABLE_MODULES = YES;
				CLANG_ENABLE_OBJC_ARC = YES;
				CLANG_ENABLE_OBJC_WEAK = YES;
				CLANG_WARN_BLOCK_CAPTURE_AUTORELEASING = YES;
				CLANG_WARN_BOOL_CONVERSION = YES;
				CLANG_WARN_COMMA = YES;
				CLANG_WARN_CONSTANT_CONVERSION = YES;
				CLANG_WARN_DEPRECATED_OBJC_IMPLEMENTATIONS = YES;
				CLANG_WARN_DIRECT_OBJC_ISA_USAGE = YES_ERROR;
				CLANG_WARN_DOCUMENTATION_COMMENTS = YES;
				CLANG_WARN_EMPTY_BODY = YES;
				CLANG_WARN_ENUM_CONVERSION = YES;
				CLANG_WARN_INFINITE_RECURSION = YES;
				CLANG_WARN_INT_CONVERSION = YES;
				CLANG_WARN_NON_LITERAL_NULL_CONVERSION = YES;
				CLANG_WARN_OBJC_IMPLICIT_RETAIN_SELF = YES;
				CLANG_WARN_OBJC_LITERAL_CONVERSION = YES;
				CLANG_WARN_OBJC_ROOT_CLASS = YES_ERROR;
				CLANG_WARN_QUOTED_INCLUDE_IN_FRAMEWORK_HEADER = YES;
				CLANG_WARN_RANGE_LOOP_ANALYSIS = YES;
				CLANG_WARN_STRICT_PROTOTYPES = YES;
				CLANG_WARN_SUSPICIOUS_MOVE = YES;
				CLANG_WARN_UNGUARDED_AVAILABILITY = YES_AGGRESSIVE;
				CLANG_WARN_UNREACHABLE_CODE = YES;
				CLANG_WARN__DUPLICATE_METHOD_MATCH = YES;
				COPY_PHASE_STRIP = NO;
				DEBUG_INFORMATION_FORMAT = "dwarf-with-dsym";
				ENABLE_NS_ASSERTIONS = NO;
				ENABLE_STRICT_OBJC_MSGSEND = YES;
				GCC_C_LANGUAGE_STANDARD = gnu11;
				GCC_NO_COMMON_BLOCKS = YES;
				GCC_WARN_64_TO_32_BIT_CONVERSION = YES;
				GCC_WARN_ABOUT_RETURN_TYPE = YES_ERROR;
				GCC_WARN_UNDECLARED_SELECTOR = YES;
				GCC_WARN_UNINITIALIZED_AUTOS = YES_AGGRESSIVE;
				GCC_WARN_UNUSED_FUNCTION = YES;
				GCC_WARN_UNUSED_VARIABLE = YES;
				IPHONEOS_DEPLOYMENT_TARGET = 15.2;
				MTL_ENABLE_DEBUG_INFO = NO;
				MTL_FAST_MATH = YES;
				SDKROOT = iphoneos;
				SWIFT_COMPILATION_MODE = wholemodule;
				SWIFT_OPTIMIZATION_LEVEL = "-O";
				VALIDATE_PRODUCT = YES;
			};
			name = Release;
		};
		74676AAF27C9D035008DF189 /* Debug */ = {
			isa = XCBuildConfiguration;
			buildSettings = {
				ASSETCATALOG_COMPILER_APPICON_NAME = AppIcon;
				ASSETCATALOG_COMPILER_GLOBAL_ACCENT_COLOR_NAME = AccentColor;
				CODE_SIGN_STYLE = Automatic;
				CURRENT_PROJECT_VERSION = 1;
				DEVELOPMENT_ASSET_PATHS = "\"Documents/Preview Content\"";
				ENABLE_PREVIEWS = YES;
				GENERATE_INFOPLIST_FILE = YES;
				INFOPLIST_KEY_UIApplicationSceneManifest_Generation = YES;
				INFOPLIST_KEY_UIApplicationSupportsIndirectInputEvents = YES;
				INFOPLIST_KEY_UILaunchScreen_Generation = YES;
				INFOPLIST_KEY_UISupportedInterfaceOrientations_iPad = "UIInterfaceOrientationPortrait UIInterfaceOrientationPortraitUpsideDown UIInterfaceOrientationLandscapeLeft UIInterfaceOrientationLandscapeRight";
				INFOPLIST_KEY_UISupportedInterfaceOrientations_iPhone = "UIInterfaceOrientationPortrait UIInterfaceOrientationLandscapeLeft UIInterfaceOrientationLandscapeRight";
				LD_RUNPATH_SEARCH_PATHS = (
					"$(inherited)",
					"@executable_path/Frameworks",
				);
				MARKETING_VERSION = 1.0;
				PRODUCT_BUNDLE_IDENTIFIER = com.ioskrew.swiftlayout.sample.Documents;
				PRODUCT_NAME = "$(TARGET_NAME)";
				SWIFT_EMIT_LOC_STRINGS = YES;
				SWIFT_VERSION = 5.0;
				TARGETED_DEVICE_FAMILY = "1,2";
			};
			name = Debug;
		};
		74676AB027C9D035008DF189 /* Release */ = {
			isa = XCBuildConfiguration;
			buildSettings = {
				ASSETCATALOG_COMPILER_APPICON_NAME = AppIcon;
				ASSETCATALOG_COMPILER_GLOBAL_ACCENT_COLOR_NAME = AccentColor;
				CODE_SIGN_STYLE = Automatic;
				CURRENT_PROJECT_VERSION = 1;
				DEVELOPMENT_ASSET_PATHS = "\"Documents/Preview Content\"";
				ENABLE_PREVIEWS = YES;
				GENERATE_INFOPLIST_FILE = YES;
				INFOPLIST_KEY_UIApplicationSceneManifest_Generation = YES;
				INFOPLIST_KEY_UIApplicationSupportsIndirectInputEvents = YES;
				INFOPLIST_KEY_UILaunchScreen_Generation = YES;
				INFOPLIST_KEY_UISupportedInterfaceOrientations_iPad = "UIInterfaceOrientationPortrait UIInterfaceOrientationPortraitUpsideDown UIInterfaceOrientationLandscapeLeft UIInterfaceOrientationLandscapeRight";
				INFOPLIST_KEY_UISupportedInterfaceOrientations_iPhone = "UIInterfaceOrientationPortrait UIInterfaceOrientationLandscapeLeft UIInterfaceOrientationLandscapeRight";
				LD_RUNPATH_SEARCH_PATHS = (
					"$(inherited)",
					"@executable_path/Frameworks",
				);
				MARKETING_VERSION = 1.0;
				PRODUCT_BUNDLE_IDENTIFIER = com.ioskrew.swiftlayout.sample.Documents;
				PRODUCT_NAME = "$(TARGET_NAME)";
				SWIFT_EMIT_LOC_STRINGS = YES;
				SWIFT_VERSION = 5.0;
				TARGETED_DEVICE_FAMILY = "1,2";
			};
			name = Release;
		};
		74676AB227C9D035008DF189 /* Debug */ = {
			isa = XCBuildConfiguration;
			buildSettings = {
				ALWAYS_EMBED_SWIFT_STANDARD_LIBRARIES = YES;
				BUNDLE_LOADER = "$(TEST_HOST)";
				CODE_SIGN_STYLE = Automatic;
				CURRENT_PROJECT_VERSION = 1;
				GENERATE_INFOPLIST_FILE = YES;
				IPHONEOS_DEPLOYMENT_TARGET = 15.2;
				MARKETING_VERSION = 1.0;
				PRODUCT_BUNDLE_IDENTIFIER = com.ioskrew.swiftlayout.sample.DocumentsTests;
				PRODUCT_NAME = "$(TARGET_NAME)";
				SWIFT_EMIT_LOC_STRINGS = NO;
				SWIFT_VERSION = 5.0;
				TARGETED_DEVICE_FAMILY = "1,2";
				TEST_HOST = "$(BUILT_PRODUCTS_DIR)/Documents.app/Documents";
			};
			name = Debug;
		};
		74676AB327C9D035008DF189 /* Release */ = {
			isa = XCBuildConfiguration;
			buildSettings = {
				ALWAYS_EMBED_SWIFT_STANDARD_LIBRARIES = YES;
				BUNDLE_LOADER = "$(TEST_HOST)";
				CODE_SIGN_STYLE = Automatic;
				CURRENT_PROJECT_VERSION = 1;
				GENERATE_INFOPLIST_FILE = YES;
				IPHONEOS_DEPLOYMENT_TARGET = 15.2;
				MARKETING_VERSION = 1.0;
				PRODUCT_BUNDLE_IDENTIFIER = com.ioskrew.swiftlayout.sample.DocumentsTests;
				PRODUCT_NAME = "$(TARGET_NAME)";
				SWIFT_EMIT_LOC_STRINGS = NO;
				SWIFT_VERSION = 5.0;
				TARGETED_DEVICE_FAMILY = "1,2";
				TEST_HOST = "$(BUILT_PRODUCTS_DIR)/Documents.app/Documents";
			};
			name = Release;
		};
		74676AB527C9D035008DF189 /* Debug */ = {
			isa = XCBuildConfiguration;
			buildSettings = {
				ALWAYS_EMBED_SWIFT_STANDARD_LIBRARIES = YES;
				CODE_SIGN_STYLE = Automatic;
				CURRENT_PROJECT_VERSION = 1;
				GENERATE_INFOPLIST_FILE = YES;
				MARKETING_VERSION = 1.0;
				PRODUCT_BUNDLE_IDENTIFIER = com.ioskrew.swiftlayout.sample.DocumentsUITests;
				PRODUCT_NAME = "$(TARGET_NAME)";
				SWIFT_EMIT_LOC_STRINGS = NO;
				SWIFT_VERSION = 5.0;
				TARGETED_DEVICE_FAMILY = "1,2";
				TEST_TARGET_NAME = Documents;
			};
			name = Debug;
		};
		74676AB627C9D035008DF189 /* Release */ = {
			isa = XCBuildConfiguration;
			buildSettings = {
				ALWAYS_EMBED_SWIFT_STANDARD_LIBRARIES = YES;
				CODE_SIGN_STYLE = Automatic;
				CURRENT_PROJECT_VERSION = 1;
				GENERATE_INFOPLIST_FILE = YES;
				MARKETING_VERSION = 1.0;
				PRODUCT_BUNDLE_IDENTIFIER = com.ioskrew.swiftlayout.sample.DocumentsUITests;
				PRODUCT_NAME = "$(TARGET_NAME)";
				SWIFT_EMIT_LOC_STRINGS = NO;
				SWIFT_VERSION = 5.0;
				TARGETED_DEVICE_FAMILY = "1,2";
				TEST_TARGET_NAME = Documents;
			};
			name = Release;
		};
/* End XCBuildConfiguration section */

/* Begin XCConfigurationList section */
		74676A8027C9D033008DF189 /* Build configuration list for PBXProject "Documents" */ = {
			isa = XCConfigurationList;
			buildConfigurations = (
				74676AAC27C9D035008DF189 /* Debug */,
				74676AAD27C9D035008DF189 /* Release */,
			);
			defaultConfigurationIsVisible = 0;
			defaultConfigurationName = Release;
		};
		74676AAE27C9D035008DF189 /* Build configuration list for PBXNativeTarget "Documents" */ = {
			isa = XCConfigurationList;
			buildConfigurations = (
				74676AAF27C9D035008DF189 /* Debug */,
				74676AB027C9D035008DF189 /* Release */,
			);
			defaultConfigurationIsVisible = 0;
			defaultConfigurationName = Release;
		};
		74676AB127C9D035008DF189 /* Build configuration list for PBXNativeTarget "DocumentsTests" */ = {
			isa = XCConfigurationList;
			buildConfigurations = (
				74676AB227C9D035008DF189 /* Debug */,
				74676AB327C9D035008DF189 /* Release */,
			);
			defaultConfigurationIsVisible = 0;
			defaultConfigurationName = Release;
		};
		74676AB427C9D035008DF189 /* Build configuration list for PBXNativeTarget "DocumentsUITests" */ = {
			isa = XCConfigurationList;
			buildConfigurations = (
				74676AB527C9D035008DF189 /* Debug */,
				74676AB627C9D035008DF189 /* Release */,
			);
			defaultConfigurationIsVisible = 0;
			defaultConfigurationName = Release;
		};
/* End XCConfigurationList section */

/* Begin XCRemoteSwiftPackageReference section */
		74676AB727C9D35C008DF189 /* XCRemoteSwiftPackageReference "SwiftLayout" */ = {
			isa = XCRemoteSwiftPackageReference;
			repositoryURL = "https://github.com/ioskrew/SwiftLayout";
			requirement = {
				branch = main;
				kind = branch;
			};
		};
/* End XCRemoteSwiftPackageReference section */

/* Begin XCSwiftPackageProductDependency section */
		74676AB827C9D35C008DF189 /* SwiftLayout */ = {
			isa = XCSwiftPackageProductDependency;
			package = 74676AB727C9D35C008DF189 /* XCRemoteSwiftPackageReference "SwiftLayout" */;
			productName = SwiftLayout;
		};
/* End XCSwiftPackageProductDependency section */

/* Begin XCVersionGroup section */
		74676A9327C9D035008DF189 /* Documents.xcdatamodeld */ = {
			isa = XCVersionGroup;
			children = (
				74676A9427C9D035008DF189 /* Documents.xcdatamodel */,
			);
			currentVersion = 74676A9427C9D035008DF189 /* Documents.xcdatamodel */;
			path = Documents.xcdatamodeld;
			sourceTree = "<group>";
			versionGroupType = wrapper.xcdatamodel;
		};
/* End XCVersionGroup section */
	};
	rootObject = 74676A7D27C9D033008DF189 /* Project object */;
}
